
Microsoft Visual Studio Solution File, Format Version 12.00
# Visual Studio 15
VisualStudioVersion = 15.0.28307.572
MinimumVisualStudioVersion = 10.0.40219.1
Project("{FAE04EC0-301F-11D3-BF4B-00C04F79EFBC}") = "WikiFashionAPI", "WikiFashionAPI\WikiFashionAPI.csproj", "{AC672A13-08E5-4040-BAF2-CFA8040EF0BB}"
EndProject
Project("{2150E333-8FDC-42A3-9474-1A3956D46DE8}") = "Business Layer", "Business Layer", "{C54C1C43-1AFF-43EF-AC4B-0C74EC630EBF}"
EndProject
Project("{FAE04EC0-301F-11D3-BF4B-00C04F79EFBC}") = "BLL", "BLL\BLL.csproj", "{965B7008-D517-42DF-B7DC-16CB2B8B5DD1}"
EndProject
Project("{2150E333-8FDC-42A3-9474-1A3956D46DE8}") = "Data Acces Layer", "Data Acces Layer", "{D7ED0C04-1567-4430-854C-D5D0C82DD4C3}"
EndProject
Project("{FAE04EC0-301F-11D3-BF4B-00C04F79EFBC}") = "DAL", "DAL\DAL.csproj", "{9A35B186-6AE0-413F-A926-55548F425AEF}"
EndProject
Project("{2150E333-8FDC-42A3-9474-1A3956D46DE8}") = "Data Transfer Object", "Data Transfer Object", "{E1A9514B-5855-4F41-A600-A16A5236696A}"
EndProject
Project("{FAE04EC0-301F-11D3-BF4B-00C04F79EFBC}") = "DTO", "DTO\DTO.csproj", "{BF7E19EE-3810-415D-BB8D-2EE303A3F871}"
EndProject
Project("{2150E333-8FDC-42A3-9474-1A3956D46DE8}") = "Common", "Common", "{A2CF7FB3-33B5-4A70-A9AA-D3313D665A3A}"
EndProject
Project("{FAE04EC0-301F-11D3-BF4B-00C04F79EFBC}") = "Utils", "Utils\Utils.csproj", "{1B656925-E0AB-4101-BEB5-D173329C5A96}"
EndProject
Global
	GlobalSection(SolutionConfigurationPlatforms) = preSolution
		Debug|Any CPU = Debug|Any CPU
		Release|Any CPU = Release|Any CPU
	EndGlobalSection
	GlobalSection(ProjectConfigurationPlatforms) = postSolution
		{AC672A13-08E5-4040-BAF2-CFA8040EF0BB}.Debug|Any CPU.ActiveCfg = Debug|Any CPU
		{AC672A13-08E5-4040-BAF2-CFA8040EF0BB}.Debug|Any CPU.Build.0 = Debug|Any CPU
		{AC672A13-08E5-4040-BAF2-CFA8040EF0BB}.Release|Any CPU.ActiveCfg = Release|Any CPU
		{AC672A13-08E5-4040-BAF2-CFA8040EF0BB}.Release|Any CPU.Build.0 = Release|Any CPU
		{965B7008-D517-42DF-B7DC-16CB2B8B5DD1}.Debug|Any CPU.ActiveCfg = Debug|Any CPU
		{965B7008-D517-42DF-B7DC-16CB2B8B5DD1}.Debug|Any CPU.Build.0 = Debug|Any CPU
		{965B7008-D517-42DF-B7DC-16CB2B8B5DD1}.Release|Any CPU.ActiveCfg = Release|Any CPU
		{965B7008-D517-42DF-B7DC-16CB2B8B5DD1}.Release|Any CPU.Build.0 = Release|Any CPU
		{9A35B186-6AE0-413F-A926-55548F425AEF}.Debug|Any CPU.ActiveCfg = Debug|Any CPU
		{9A35B186-6AE0-413F-A926-55548F425AEF}.Debug|Any CPU.Build.0 = Debug|Any CPU
		{9A35B186-6AE0-413F-A926-55548F425AEF}.Release|Any CPU.ActiveCfg = Release|Any CPU
		{9A35B186-6AE0-413F-A926-55548F425AEF}.Release|Any CPU.Build.0 = Release|Any CPU
		{BF7E19EE-3810-415D-BB8D-2EE303A3F871}.Debug|Any CPU.ActiveCfg = Debug|Any CPU
		{BF7E19EE-3810-415D-BB8D-2EE303A3F871}.Debug|Any CPU.Build.0 = Debug|Any CPU
		{BF7E19EE-3810-415D-BB8D-2EE303A3F871}.Release|Any CPU.ActiveCfg = Release|Any CPU
		{BF7E19EE-3810-415D-BB8D-2EE303A3F871}.Release|Any CPU.Build.0 = Release|Any CPU
		{1B656925-E0AB-4101-BEB5-D173329C5A96}.Debug|Any CPU.ActiveCfg = Debug|Any CPU
		{1B656925-E0AB-4101-BEB5-D173329C5A96}.Debug|Any CPU.Build.0 = Debug|Any CPU
		{1B656925-E0AB-4101-BEB5-D173329C5A96}.Release|Any CPU.ActiveCfg = Release|Any CPU
		{1B656925-E0AB-4101-BEB5-D173329C5A96}.Release|Any CPU.Build.0 = Release|Any CPU
	EndGlobalSection
	GlobalSection(SolutionProperties) = preSolution
		HideSolutionNode = FALSE
	EndGlobalSection
	GlobalSection(NestedProjects) = preSolution
		{965B7008-D517-42DF-B7DC-16CB2B8B5DD1} = {C54C1C43-1AFF-43EF-AC4B-0C74EC630EBF}
		{9A35B186-6AE0-413F-A926-55548F425AEF} = {D7ED0C04-1567-4430-854C-D5D0C82DD4C3}
		{BF7E19EE-3810-415D-BB8D-2EE303A3F871} = {E1A9514B-5855-4F41-A600-A16A5236696A}
		{1B656925-E0AB-4101-BEB5-D173329C5A96} = {A2CF7FB3-33B5-4A70-A9AA-D3313D665A3A}
	EndGlobalSection
	GlobalSection(ExtensibilityGlobals) = postSolution
		SolutionGuid = {A1DAD33E-838A-45F9-BB28-B225337DBDD8}
	EndGlobalSection
EndGlobal
